
Microsoft Visual Studio Solution File, Format Version 12.00
# Visual Studio Version 17
VisualStudioVersion = 17.5.002.0
MinimumVisualStudioVersion = 10.0.40219.1
Project("{2150E333-8FDC-42A3-9474-1A3956D46DE8}") = "src", "src", "{85A81995-2F9E-43C8-9037-417313EFE5B8}"
EndProject
Project("{9A19103F-16F7-4668-BE54-9A1E7A4F7556}") = "Application", "src\backend\Application\Application.csproj", "{5E859D45-95BF-4029-9738-9B362A749D14}"
EndProject
Project("{9A19103F-16F7-4668-BE54-9A1E7A4F7556}") = "Domain", "src\backend\Domain\Domain.csproj", "{1466E848-2030-421C-B9B9-E29F13D5DDEA}"
EndProject
Project("{9A19103F-16F7-4668-BE54-9A1E7A4F7556}") = "Infrastructure", "src\backend\Infrastructure\Infrastructure.csproj", "{9573F2D1-4372-4A7E-859F-BCE70D173934}"
EndProject
Project("{9A19103F-16F7-4668-BE54-9A1E7A4F7556}") = "API", "src\backend\API\API.csproj", "{BDA99522-B4D3-4B9F-A555-FA708766A6F6}"
EndProject
Project("{2150E333-8FDC-42A3-9474-1A3956D46DE8}") = "Solution Items", "Solution Items", "{913AB224-2C02-44EB-BC46-C44AEDEB9A29}"
	ProjectSection(SolutionItems) = preProject
		docker-compose.yml = docker-compose.yml
		.env = .env
	EndProjectSection
EndProject
Project("{FAE04EC0-301F-11D3-BF4B-00C04F79EFBC}") = "Tcp", "src\backend\Tcp\Tcp.csproj", "{6E5B8081-090F-4926-A187-256040F3AEE2}"
EndProject
Project("{2150E333-8FDC-42A3-9474-1A3956D46DE8}") = "test", "test", "{2BA4C8D1-7DF7-460E-A858-833398A4D8B5}"
EndProject
Project("{FAE04EC0-301F-11D3-BF4B-00C04F79EFBC}") = "Application.Tests", "test\Application.Tests\Application.Tests.csproj", "{49480522-9E08-4687-83EE-7C2CC98D7168}"
EndProject
Project("{FAE04EC0-301F-11D3-BF4B-00C04F79EFBC}") = "Tcp.Tests", "test\Tcp.Tests\Tcp.Tests.csproj", "{44EED4BC-73AA-4261-92A2-701C10C12F43}"
EndProject
Project("{FAE04EC0-301F-11D3-BF4B-00C04F79EFBC}") = "Domain.Tests", "test\Domain.Tests\Domain.Tests.csproj", "{A3D58541-D428-4596-BAD3-944C64B7422C}"
EndProject
Project("{FAE04EC0-301F-11D3-BF4B-00C04F79EFBC}") = "Templates", "src\backend\Templates\Templates.csproj", "{FC03B87C-C435-44D5-A805-1AF8632EEF91}"
EndProject
Project("{2150E333-8FDC-42A3-9474-1A3956D46DE8}") = "frontend", "frontend", "{2D961FF2-4643-45F4-84F8-5224009CA2DC}"
EndProject
Project("{FAE04EC0-301F-11D3-BF4B-00C04F79EFBC}") = "Web", "src\frontend\Web\Web.csproj", "{08316332-4416-48BB-9B87-ADAA245E301E}"
EndProject
Project("{2150E333-8FDC-42A3-9474-1A3956D46DE8}") = "backend", "backend", "{8619C126-FAF5-42C1-8761-FBD4B4962D4A}"
EndProject
Project("{FAE04EC0-301F-11D3-BF4B-00C04F79EFBC}") = "ApiClient", "src\backend\ApiClient\ApiClient.csproj", "{7F0C55FC-DA03-4FBD-A3FC-AB8D3B3D1694}"
EndProject
e
Global
	GlobalSection(SolutionConfigurationPlatforms) = preSolution
		Debug|Any CPU = Debug|Any CPU
		Release|Any CPU = Release|Any CPU
	EndGlobalSection
	GlobalSection(ProjectConfigurationPlatforms) = postSolution
		{5E859D45-95BF-4029-9738-9B362A749D14}.Debug|Any CPU.ActiveCfg = Debug|Any CPU
		{5E859D45-95BF-4029-9738-9B362A749D14}.Debug|Any CPU.Build.0 = Debug|Any CPU
		{5E859D45-95BF-4029-9738-9B362A749D14}.Release|Any CPU.ActiveCfg = Release|Any CPU
		{5E859D45-95BF-4029-9738-9B362A749D14}.Release|Any CPU.Build.0 = Release|Any CPU
		{1466E848-2030-421C-B9B9-E29F13D5DDEA}.Debug|Any CPU.ActiveCfg = Debug|Any CPU
		{1466E848-2030-421C-B9B9-E29F13D5DDEA}.Debug|Any CPU.Build.0 = Debug|Any CPU
		{1466E848-2030-421C-B9B9-E29F13D5DDEA}.Release|Any CPU.ActiveCfg = Release|Any CPU
		{1466E848-2030-421C-B9B9-E29F13D5DDEA}.Release|Any CPU.Build.0 = Release|Any CPU
		{9573F2D1-4372-4A7E-859F-BCE70D173934}.Debug|Any CPU.ActiveCfg = Debug|Any CPU
		{9573F2D1-4372-4A7E-859F-BCE70D173934}.Debug|Any CPU.Build.0 = Debug|Any CPU
		{9573F2D1-4372-4A7E-859F-BCE70D173934}.Release|Any CPU.ActiveCfg = Release|Any CPU
		{9573F2D1-4372-4A7E-859F-BCE70D173934}.Release|Any CPU.Build.0 = Release|Any CPU
		{BDA99522-B4D3-4B9F-A555-FA708766A6F6}.Debug|Any CPU.ActiveCfg = Debug|Any CPU
		{BDA99522-B4D3-4B9F-A555-FA708766A6F6}.Debug|Any CPU.Build.0 = Debug|Any CPU
		{BDA99522-B4D3-4B9F-A555-FA708766A6F6}.Release|Any CPU.ActiveCfg = Release|Any CPU
		{BDA99522-B4D3-4B9F-A555-FA708766A6F6}.Release|Any CPU.Build.0 = Release|Any CPU
		{6E5B8081-090F-4926-A187-256040F3AEE2}.Debug|Any CPU.ActiveCfg = Debug|Any CPU
		{6E5B8081-090F-4926-A187-256040F3AEE2}.Debug|Any CPU.Build.0 = Debug|Any CPU
		{6E5B8081-090F-4926-A187-256040F3AEE2}.Release|Any CPU.ActiveCfg = Release|Any CPU
		{6E5B8081-090F-4926-A187-256040F3AEE2}.Release|Any CPU.Build.0 = Release|Any CPU
		{49480522-9E08-4687-83EE-7C2CC98D7168}.Debug|Any CPU.ActiveCfg = Debug|Any CPU
		{49480522-9E08-4687-83EE-7C2CC98D7168}.Debug|Any CPU.Build.0 = Debug|Any CPU
		{49480522-9E08-4687-83EE-7C2CC98D7168}.Release|Any CPU.ActiveCfg = Release|Any CPU
		{49480522-9E08-4687-83EE-7C2CC98D7168}.Release|Any CPU.Build.0 = Release|Any CPU
		{44EED4BC-73AA-4261-92A2-701C10C12F43}.Debug|Any CPU.ActiveCfg = Debug|Any CPU
		{44EED4BC-73AA-4261-92A2-701C10C12F43}.Debug|Any CPU.Build.0 = Debug|Any CPU
		{44EED4BC-73AA-4261-92A2-701C10C12F43}.Release|Any CPU.ActiveCfg = Release|Any CPU
		{44EED4BC-73AA-4261-92A2-701C10C12F43}.Release|Any CPU.Build.0 = Release|Any CPU
		{A3D58541-D428-4596-BAD3-944C64B7422C}.Debug|Any CPU.ActiveCfg = Debug|Any CPU
		{A3D58541-D428-4596-BAD3-944C64B7422C}.Debug|Any CPU.Build.0 = Debug|Any CPU
		{A3D58541-D428-4596-BAD3-944C64B7422C}.Release|Any CPU.ActiveCfg = Release|Any CPU
		{A3D58541-D428-4596-BAD3-944C64B7422C}.Release|Any CPU.Build.0 = Release|Any CPU
		{FC03B87C-C435-44D5-A805-1AF8632EEF91}.Debug|Any CPU.ActiveCfg = Debug|Any CPU
		{FC03B87C-C435-44D5-A805-1AF8632EEF91}.Debug|Any CPU.Build.0 = Debug|Any CPU
		{FC03B87C-C435-44D5-A805-1AF8632EEF91}.Release|Any CPU.ActiveCfg = Release|Any CPU
		{FC03B87C-C435-44D5-A805-1AF8632EEF91}.Release|Any CPU.Build.0 = Release|Any CPU
		{08316332-4416-48BB-9B87-ADAA245E301E}.Debug|Any CPU.ActiveCfg = Debug|Any CPU
		{08316332-4416-48BB-9B87-ADAA245E301E}.Debug|Any CPU.Build.0 = Debug|Any CPU
		{08316332-4416-48BB-9B87-ADAA245E301E}.Release|Any CPU.ActiveCfg = Release|Any CPU
		{08316332-4416-48BB-9B87-ADAA245E301E}.Release|Any CPU.Build.0 = Release|Any CPU
		{7F0C55FC-DA03-4FBD-A3FC-AB8D3B3D1694}.Debug|Any CPU.ActiveCfg = Debug|Any CPU
		{7F0C55FC-DA03-4FBD-A3FC-AB8D3B3D1694}.Debug|Any CPU.Build.0 = Debug|Any CPU
		{7F0C55FC-DA03-4FBD-A3FC-AB8D3B3D1694}.Release|Any CPU.ActiveCfg = Release|Any CPU
		{7F0C55FC-DA03-4FBD-A3FC-AB8D3B3D1694}.Release|Any CPU.Build.0 = Release|Any CPU
	EndGlobalSection
	GlobalSection(SolutionProperties) = preSolution
		HideSolutionNode = FALSE
	EndGlobalSection
	GlobalSection(NestedProjects) = preSolution
		{49480522-9E08-4687-83EE-7C2CC98D7168} = {2BA4C8D1-7DF7-460E-A858-833398A4D8B5}
		{44EED4BC-73AA-4261-92A2-701C10C12F43} = {2BA4C8D1-7DF7-460E-A858-833398A4D8B5}
		{A3D58541-D428-4596-BAD3-944C64B7422C} = {2BA4C8D1-7DF7-460E-A858-833398A4D8B5}
		{2D961FF2-4643-45F4-84F8-5224009CA2DC} = {85A81995-2F9E-43C8-9037-417313EFE5B8}
		{08316332-4416-48BB-9B87-ADAA245E301E} = {2D961FF2-4643-45F4-84F8-5224009CA2DC}
		{8619C126-FAF5-42C1-8761-FBD4B4962D4A} = {85A81995-2F9E-43C8-9037-417313EFE5B8}
		{7F0C55FC-DA03-4FBD-A3FC-AB8D3B3D1694} = {8619C126-FAF5-42C1-8761-FBD4B4962D4A}
		{BDA99522-B4D3-4B9F-A555-FA708766A6F6} = {8619C126-FAF5-42C1-8761-FBD4B4962D4A}
		{5E859D45-95BF-4029-9738-9B362A749D14} = {8619C126-FAF5-42C1-8761-FBD4B4962D4A}
		{1466E848-2030-421C-B9B9-E29F13D5DDEA} = {8619C126-FAF5-42C1-8761-FBD4B4962D4A}
		{9573F2D1-4372-4A7E-859F-BCE70D173934} = {8619C126-FAF5-42C1-8761-FBD4B4962D4A}
		{6E5B8081-090F-4926-A187-256040F3AEE2} = {8619C126-FAF5-42C1-8761-FBD4B4962D4A}
		{FC03B87C-C435-44D5-A805-1AF8632EEF91} = {8619C126-FAF5-42C1-8761-FBD4B4962D4A}
	EndGlobalSection
	GlobalSection(ExtensibilityGlobals) = postSolution
		SolutionGuid = {CE1EEB1E-E4AD-445D-95D6-6D7F2DA2A407}
	EndGlobalSection
EndGlobal
