
Microsoft Visual Studio Solution File, Format Version 12.00
# Visual Studio Version 17
VisualStudioVersion = 17.5.002.0
MinimumVisualStudioVersion = 10.0.40219.1
Project("{2150E333-8FDC-42A3-9474-1A3956D46DE8}") = "src", "src", "{BC2B4F8E-F412-4F77-A8B7-33D3A8301B9A}"
EndProject
Project("{9A19103F-16F7-4668-BE54-9A1E7A4F7556}") = "Application", "src\Application\Application.csproj", "{4E7E394C-AF1C-4957-A6E1-625E3BCAF673}"
EndProject
Project("{9A19103F-16F7-4668-BE54-9A1E7A4F7556}") = "Domain", "src\Domain\Domain.csproj", "{079DBB26-46FE-41FE-93FD-F5F157897371}"
EndProject
Project("{9A19103F-16F7-4668-BE54-9A1E7A4F7556}") = "Infrastructure", "src\Infrastructure\Infrastructure.csproj", "{FF9C8DC3-F1AC-4125-90C2-F994A556D1ED}"
EndProject
Project("{9A19103F-16F7-4668-BE54-9A1E7A4F7556}") = "API", "src\API\API.csproj", "{954A635A-367F-49BD-9875-2FFE9818043F}"
EndProject
Global
	GlobalSection(SolutionConfigurationPlatforms) = preSolution
		Debug|Any CPU = Debug|Any CPU
		Release|Any CPU = Release|Any CPU
	EndGlobalSection
	GlobalSection(ProjectConfigurationPlatforms) = postSolution
		{4E7E394C-AF1C-4957-A6E1-625E3BCAF673}.Debug|Any CPU.ActiveCfg = Debug|Any CPU
		{4E7E394C-AF1C-4957-A6E1-625E3BCAF673}.Debug|Any CPU.Build.0 = Debug|Any CPU
		{4E7E394C-AF1C-4957-A6E1-625E3BCAF673}.Release|Any CPU.ActiveCfg = Release|Any CPU
		{4E7E394C-AF1C-4957-A6E1-625E3BCAF673}.Release|Any CPU.Build.0 = Release|Any CPU
		{079DBB26-46FE-41FE-93FD-F5F157897371}.Debug|Any CPU.ActiveCfg = Debug|Any CPU
		{079DBB26-46FE-41FE-93FD-F5F157897371}.Debug|Any CPU.Build.0 = Debug|Any CPU
		{079DBB26-46FE-41FE-93FD-F5F157897371}.Release|Any CPU.ActiveCfg = Release|Any CPU
		{079DBB26-46FE-41FE-93FD-F5F157897371}.Release|Any CPU.Build.0 = Release|Any CPU
		{FF9C8DC3-F1AC-4125-90C2-F994A556D1ED}.Debug|Any CPU.ActiveCfg = Debug|Any CPU
		{FF9C8DC3-F1AC-4125-90C2-F994A556D1ED}.Debug|Any CPU.Build.0 = Debug|Any CPU
		{FF9C8DC3-F1AC-4125-90C2-F994A556D1ED}.Release|Any CPU.ActiveCfg = Release|Any CPU
		{FF9C8DC3-F1AC-4125-90C2-F994A556D1ED}.Release|Any CPU.Build.0 = Release|Any CPU
		{954A635A-367F-49BD-9875-2FFE9818043F}.Debug|Any CPU.ActiveCfg = Debug|Any CPU
		{954A635A-367F-49BD-9875-2FFE9818043F}.Debug|Any CPU.Build.0 = Debug|Any CPU
		{954A635A-367F-49BD-9875-2FFE9818043F}.Release|Any CPU.ActiveCfg = Release|Any CPU
		{954A635A-367F-49BD-9875-2FFE9818043F}.Release|Any CPU.Build.0 = Release|Any CPU
	EndGlobalSection
	GlobalSection(SolutionProperties) = preSolution
		HideSolutionNode = FALSE
	EndGlobalSection
	GlobalSection(NestedProjects) = preSolution
		{4E7E394C-AF1C-4957-A6E1-625E3BCAF673} = {BC2B4F8E-F412-4F77-A8B7-33D3A8301B9A}
		{079DBB26-46FE-41FE-93FD-F5F157897371} = {BC2B4F8E-F412-4F77-A8B7-33D3A8301B9A}
		{FF9C8DC3-F1AC-4125-90C2-F994A556D1ED} = {BC2B4F8E-F412-4F77-A8B7-33D3A8301B9A}
		{954A635A-367F-49BD-9875-2FFE9818043F} = {BC2B4F8E-F412-4F77-A8B7-33D3A8301B9A}
	EndGlobalSection
	GlobalSection(ExtensibilityGlobals) = postSolution
		SolutionGuid = {CE1EEB1E-E4AD-445D-95D6-6D7F2DA2A407}
	EndGlobalSection
EndGlobal
