
Microsoft Visual Studio Solution File, Format Version 12.00
# Visual Studio Version 17
VisualStudioVersion = 17.5.002.0
MinimumVisualStudioVersion = 10.0.40219.1
Project("{2150E333-8FDC-42A3-9474-1A3956D46DE8}") = "src", "src", "{CE2E7D17-C52A-44C5-91A5-E10AEADF1F53}"
EndProject
Project("{9A19103F-16F7-4668-BE54-9A1E7A4F7556}") = "Application", "src\Application\Application.csproj", "{AF11095B-F0A4-475E-932F-95E89106B567}"
EndProject
Project("{9A19103F-16F7-4668-BE54-9A1E7A4F7556}") = "Domain", "src\Domain\Domain.csproj", "{CFEAEA73-1208-4163-813F-CF6228E6D8E5}"
EndProject
Project("{9A19103F-16F7-4668-BE54-9A1E7A4F7556}") = "Infrastructure", "src\Infrastructure\Infrastructure.csproj", "{A1095B5D-83A7-4036-B5C0-4FD42655C475}"
EndProject
Project("{9A19103F-16F7-4668-BE54-9A1E7A4F7556}") = "API", "src\API\API.csproj", "{B93BDDDF-BB81-4DD3-8611-8D1818BEDBC6}"
EndProject
Global
	GlobalSection(SolutionConfigurationPlatforms) = preSolution
		Debug|Any CPU = Debug|Any CPU
		Release|Any CPU = Release|Any CPU
	EndGlobalSection
	GlobalSection(ProjectConfigurationPlatforms) = postSolution
		{AF11095B-F0A4-475E-932F-95E89106B567}.Debug|Any CPU.ActiveCfg = Debug|Any CPU
		{AF11095B-F0A4-475E-932F-95E89106B567}.Debug|Any CPU.Build.0 = Debug|Any CPU
		{AF11095B-F0A4-475E-932F-95E89106B567}.Release|Any CPU.ActiveCfg = Release|Any CPU
		{AF11095B-F0A4-475E-932F-95E89106B567}.Release|Any CPU.Build.0 = Release|Any CPU
		{CFEAEA73-1208-4163-813F-CF6228E6D8E5}.Debug|Any CPU.ActiveCfg = Debug|Any CPU
		{CFEAEA73-1208-4163-813F-CF6228E6D8E5}.Debug|Any CPU.Build.0 = Debug|Any CPU
		{CFEAEA73-1208-4163-813F-CF6228E6D8E5}.Release|Any CPU.ActiveCfg = Release|Any CPU
		{CFEAEA73-1208-4163-813F-CF6228E6D8E5}.Release|Any CPU.Build.0 = Release|Any CPU
		{A1095B5D-83A7-4036-B5C0-4FD42655C475}.Debug|Any CPU.ActiveCfg = Debug|Any CPU
		{A1095B5D-83A7-4036-B5C0-4FD42655C475}.Debug|Any CPU.Build.0 = Debug|Any CPU
		{A1095B5D-83A7-4036-B5C0-4FD42655C475}.Release|Any CPU.ActiveCfg = Release|Any CPU
		{A1095B5D-83A7-4036-B5C0-4FD42655C475}.Release|Any CPU.Build.0 = Release|Any CPU
		{B93BDDDF-BB81-4DD3-8611-8D1818BEDBC6}.Debug|Any CPU.ActiveCfg = Debug|Any CPU
		{B93BDDDF-BB81-4DD3-8611-8D1818BEDBC6}.Debug|Any CPU.Build.0 = Debug|Any CPU
		{B93BDDDF-BB81-4DD3-8611-8D1818BEDBC6}.Release|Any CPU.ActiveCfg = Release|Any CPU
		{B93BDDDF-BB81-4DD3-8611-8D1818BEDBC6}.Release|Any CPU.Build.0 = Release|Any CPU
	EndGlobalSection
	GlobalSection(SolutionProperties) = preSolution
		HideSolutionNode = FALSE
	EndGlobalSection
	GlobalSection(NestedProjects) = preSolution
		{AF11095B-F0A4-475E-932F-95E89106B567} = {CE2E7D17-C52A-44C5-91A5-E10AEADF1F53}
		{CFEAEA73-1208-4163-813F-CF6228E6D8E5} = {CE2E7D17-C52A-44C5-91A5-E10AEADF1F53}
		{A1095B5D-83A7-4036-B5C0-4FD42655C475} = {CE2E7D17-C52A-44C5-91A5-E10AEADF1F53}
		{B93BDDDF-BB81-4DD3-8611-8D1818BEDBC6} = {CE2E7D17-C52A-44C5-91A5-E10AEADF1F53}
	EndGlobalSection
	GlobalSection(ExtensibilityGlobals) = postSolution
		SolutionGuid = {CE1EEB1E-E4AD-445D-95D6-6D7F2DA2A407}
	EndGlobalSection
EndGlobal
