
Microsoft Visual Studio Solution File, Format Version 12.00
# Visual Studio Version 17
VisualStudioVersion = 17.5.002.0
MinimumVisualStudioVersion = 10.0.40219.1
Project("{2150E333-8FDC-42A3-9474-1A3956D46DE8}") = "src", "src", "{BB5BEE75-D853-4043-BD62-49B153FBD727}"
EndProject
Project("{9A19103F-16F7-4668-BE54-9A1E7A4F7556}") = "Application", "src\Application\Application.csproj", "{37B678D1-5DBE-4C1B-9730-0F7A6917B0E1}"
EndProject
Project("{9A19103F-16F7-4668-BE54-9A1E7A4F7556}") = "Domain", "src\Domain\Domain.csproj", "{C9C571D0-747E-46B2-80DD-F8DABA8B81F1}"
EndProject
Project("{9A19103F-16F7-4668-BE54-9A1E7A4F7556}") = "Infrastructure", "src\Infrastructure\Infrastructure.csproj", "{69E074FE-AC5E-4A37-9EC7-240D030643DF}"
EndProject
Project("{9A19103F-16F7-4668-BE54-9A1E7A4F7556}") = "API", "src\API\API.csproj", "{EE67E592-3F18-44CE-A5DA-517AF44182EC}"
EndProject
Global
	GlobalSection(SolutionConfigurationPlatforms) = preSolution
		Debug|Any CPU = Debug|Any CPU
		Release|Any CPU = Release|Any CPU
	EndGlobalSection
	GlobalSection(ProjectConfigurationPlatforms) = postSolution
		{37B678D1-5DBE-4C1B-9730-0F7A6917B0E1}.Debug|Any CPU.ActiveCfg = Debug|Any CPU
		{37B678D1-5DBE-4C1B-9730-0F7A6917B0E1}.Debug|Any CPU.Build.0 = Debug|Any CPU
		{37B678D1-5DBE-4C1B-9730-0F7A6917B0E1}.Release|Any CPU.ActiveCfg = Release|Any CPU
		{37B678D1-5DBE-4C1B-9730-0F7A6917B0E1}.Release|Any CPU.Build.0 = Release|Any CPU
		{C9C571D0-747E-46B2-80DD-F8DABA8B81F1}.Debug|Any CPU.ActiveCfg = Debug|Any CPU
		{C9C571D0-747E-46B2-80DD-F8DABA8B81F1}.Debug|Any CPU.Build.0 = Debug|Any CPU
		{C9C571D0-747E-46B2-80DD-F8DABA8B81F1}.Release|Any CPU.ActiveCfg = Release|Any CPU
		{C9C571D0-747E-46B2-80DD-F8DABA8B81F1}.Release|Any CPU.Build.0 = Release|Any CPU
		{69E074FE-AC5E-4A37-9EC7-240D030643DF}.Debug|Any CPU.ActiveCfg = Debug|Any CPU
		{69E074FE-AC5E-4A37-9EC7-240D030643DF}.Debug|Any CPU.Build.0 = Debug|Any CPU
		{69E074FE-AC5E-4A37-9EC7-240D030643DF}.Release|Any CPU.ActiveCfg = Release|Any CPU
		{69E074FE-AC5E-4A37-9EC7-240D030643DF}.Release|Any CPU.Build.0 = Release|Any CPU
		{EE67E592-3F18-44CE-A5DA-517AF44182EC}.Debug|Any CPU.ActiveCfg = Debug|Any CPU
		{EE67E592-3F18-44CE-A5DA-517AF44182EC}.Debug|Any CPU.Build.0 = Debug|Any CPU
		{EE67E592-3F18-44CE-A5DA-517AF44182EC}.Release|Any CPU.ActiveCfg = Release|Any CPU
		{EE67E592-3F18-44CE-A5DA-517AF44182EC}.Release|Any CPU.Build.0 = Release|Any CPU
	EndGlobalSection
	GlobalSection(SolutionProperties) = preSolution
		HideSolutionNode = FALSE
	EndGlobalSection
	GlobalSection(NestedProjects) = preSolution
		{37B678D1-5DBE-4C1B-9730-0F7A6917B0E1} = {BB5BEE75-D853-4043-BD62-49B153FBD727}
		{C9C571D0-747E-46B2-80DD-F8DABA8B81F1} = {BB5BEE75-D853-4043-BD62-49B153FBD727}
		{69E074FE-AC5E-4A37-9EC7-240D030643DF} = {BB5BEE75-D853-4043-BD62-49B153FBD727}
		{EE67E592-3F18-44CE-A5DA-517AF44182EC} = {BB5BEE75-D853-4043-BD62-49B153FBD727}
	EndGlobalSection
	GlobalSection(ExtensibilityGlobals) = postSolution
		SolutionGuid = {CE1EEB1E-E4AD-445D-95D6-6D7F2DA2A407}
	EndGlobalSection
EndGlobal
