
Microsoft Visual Studio Solution File, Format Version 12.00
# Visual Studio Version 17
VisualStudioVersion = 17.5.002.0
MinimumVisualStudioVersion = 10.0.40219.1
Project("{9A19103F-16F7-4668-BE54-9A1E7A4F7556}") = "Application", "Application\Application.csproj", "{CC5689F1-B288-4AB8-9C3C-FFA2288F39ED}"
EndProject
Project("{9A19103F-16F7-4668-BE54-9A1E7A4F7556}") = "Domain", "Domain\Domain.csproj", "{61BEE320-CAEF-4FE5-82E6-3E57D225A651}"
EndProject
Project("{9A19103F-16F7-4668-BE54-9A1E7A4F7556}") = "Infrastructure", "Infrastructure\Infrastructure.csproj", "{F43812C2-F9C3-44B2-9661-D8E667D208EF}"
EndProject
Project("{9A19103F-16F7-4668-BE54-9A1E7A4F7556}") = "API", "API\API.csproj", "{67E3F4DA-E86F-4D25-8E2E-94179988DD72}"
EndProject
Global
	GlobalSection(SolutionConfigurationPlatforms) = preSolution
		Debug|Any CPU = Debug|Any CPU
		Release|Any CPU = Release|Any CPU
	EndGlobalSection
	GlobalSection(ProjectConfigurationPlatforms) = postSolution
		{CC5689F1-B288-4AB8-9C3C-FFA2288F39ED}.Debug|Any CPU.ActiveCfg = Debug|Any CPU
		{CC5689F1-B288-4AB8-9C3C-FFA2288F39ED}.Debug|Any CPU.Build.0 = Debug|Any CPU
		{CC5689F1-B288-4AB8-9C3C-FFA2288F39ED}.Release|Any CPU.ActiveCfg = Release|Any CPU
		{CC5689F1-B288-4AB8-9C3C-FFA2288F39ED}.Release|Any CPU.Build.0 = Release|Any CPU
		{61BEE320-CAEF-4FE5-82E6-3E57D225A651}.Debug|Any CPU.ActiveCfg = Debug|Any CPU
		{61BEE320-CAEF-4FE5-82E6-3E57D225A651}.Debug|Any CPU.Build.0 = Debug|Any CPU
		{61BEE320-CAEF-4FE5-82E6-3E57D225A651}.Release|Any CPU.ActiveCfg = Release|Any CPU
		{61BEE320-CAEF-4FE5-82E6-3E57D225A651}.Release|Any CPU.Build.0 = Release|Any CPU
		{F43812C2-F9C3-44B2-9661-D8E667D208EF}.Debug|Any CPU.ActiveCfg = Debug|Any CPU
		{F43812C2-F9C3-44B2-9661-D8E667D208EF}.Debug|Any CPU.Build.0 = Debug|Any CPU
		{F43812C2-F9C3-44B2-9661-D8E667D208EF}.Release|Any CPU.ActiveCfg = Release|Any CPU
		{F43812C2-F9C3-44B2-9661-D8E667D208EF}.Release|Any CPU.Build.0 = Release|Any CPU
		{67E3F4DA-E86F-4D25-8E2E-94179988DD72}.Debug|Any CPU.ActiveCfg = Debug|Any CPU
		{67E3F4DA-E86F-4D25-8E2E-94179988DD72}.Debug|Any CPU.Build.0 = Debug|Any CPU
		{67E3F4DA-E86F-4D25-8E2E-94179988DD72}.Release|Any CPU.ActiveCfg = Release|Any CPU
		{67E3F4DA-E86F-4D25-8E2E-94179988DD72}.Release|Any CPU.Build.0 = Release|Any CPU
	EndGlobalSection
	GlobalSection(SolutionProperties) = preSolution
		HideSolutionNode = FALSE
	EndGlobalSection
	GlobalSection(ExtensibilityGlobals) = postSolution
		SolutionGuid = {1A3CB8BF-222A-4C6F-B99D-946E86C09CB2}
	EndGlobalSection
EndGlobal
